
Microsoft Visual Studio Solution File, Format Version 12.00
# Visual Studio 15
VisualStudioVersion = 15.0.27428.2015
MinimumVisualStudioVersion = 10.0.40219.1
Project("{FAE04EC0-301F-11D3-BF4B-00C04F79EFBC}") = "folder-size", "folder-size\folder-size.csproj", "{F2C114DE-CB35-4684-A23C-369B7D8213DC}"
EndProject
Global
	GlobalSection(SolutionConfigurationPlatforms) = preSolution
		Debug|Any CPU = Debug|Any CPU
		Release|Any CPU = Release|Any CPU
	EndGlobalSection
	GlobalSection(ProjectConfigurationPlatforms) = postSolution
		{F2C114DE-CB35-4684-A23C-369B7D8213DC}.Debug|Any CPU.ActiveCfg = Debug|Any CPU
		{F2C114DE-CB35-4684-A23C-369B7D8213DC}.Debug|Any CPU.Build.0 = Debug|Any CPU
		{F2C114DE-CB35-4684-A23C-369B7D8213DC}.Release|Any CPU.ActiveCfg = Release|Any CPU
		{F2C114DE-CB35-4684-A23C-369B7D8213DC}.Release|Any CPU.Build.0 = Release|Any CPU
	EndGlobalSection
	GlobalSection(SolutionProperties) = preSolution
		HideSolutionNode = FALSE
	EndGlobalSection
	GlobalSection(ExtensibilityGlobals) = postSolution
		SolutionGuid = {073882F1-8AD5-467D-B744-7B780BBE041B}
	EndGlobalSection
EndGlobal
